
Microsoft Visual Studio Solution File, Format Version 12.00
# Visual Studio 15
VisualStudioVersion = 15.0.28307.1169
MinimumVisualStudioVersion = 10.0.40219.1
Project("{FAE04EC0-301F-11D3-BF4B-00C04F79EFBC}") = "Sistema_Veterinaria", "Sistema_Veterinaria\Sistema_Veterinaria.csproj", "{55E89F0D-5C25-45DD-B3DC-D6D605EDA3C3}"
EndProject
Global
	GlobalSection(SolutionConfigurationPlatforms) = preSolution
		Debug|Any CPU = Debug|Any CPU
		Release|Any CPU = Release|Any CPU
	EndGlobalSection
	GlobalSection(ProjectConfigurationPlatforms) = postSolution
		{55E89F0D-5C25-45DD-B3DC-D6D605EDA3C3}.Debug|Any CPU.ActiveCfg = Debug|Any CPU
		{55E89F0D-5C25-45DD-B3DC-D6D605EDA3C3}.Debug|Any CPU.Build.0 = Debug|Any CPU
		{55E89F0D-5C25-45DD-B3DC-D6D605EDA3C3}.Release|Any CPU.ActiveCfg = Release|Any CPU
		{55E89F0D-5C25-45DD-B3DC-D6D605EDA3C3}.Release|Any CPU.Build.0 = Release|Any CPU
	EndGlobalSection
	GlobalSection(SolutionProperties) = preSolution
		HideSolutionNode = FALSE
	EndGlobalSection
	GlobalSection(ExtensibilityGlobals) = postSolution
		SolutionGuid = {39D0E25D-4D04-48A1-B635-9EC3DF1BE761}
	EndGlobalSection
EndGlobal
